
Microsoft Visual Studio Solution File, Format Version 12.00
# Visual Studio 15
VisualStudioVersion = 15.0.27703.2042
MinimumVisualStudioVersion = 10.0.40219.1
Project("{FAE04EC0-301F-11D3-BF4B-00C04F79EFBC}") = "CapaPresentacion", "CapaPresentacion\CapaPresentacion.csproj", "{755E9EA9-6103-48B9-8E90-11B3F67D8B1E}"
EndProject
Global
	GlobalSection(SolutionConfigurationPlatforms) = preSolution
		Debug|Any CPU = Debug|Any CPU
		Release|Any CPU = Release|Any CPU
	EndGlobalSection
	GlobalSection(ProjectConfigurationPlatforms) = postSolution
		{755E9EA9-6103-48B9-8E90-11B3F67D8B1E}.Debug|Any CPU.ActiveCfg = Debug|Any CPU
		{755E9EA9-6103-48B9-8E90-11B3F67D8B1E}.Debug|Any CPU.Build.0 = Debug|Any CPU
		{755E9EA9-6103-48B9-8E90-11B3F67D8B1E}.Release|Any CPU.ActiveCfg = Release|Any CPU
		{755E9EA9-6103-48B9-8E90-11B3F67D8B1E}.Release|Any CPU.Build.0 = Release|Any CPU
	EndGlobalSection
	GlobalSection(SolutionProperties) = preSolution
		HideSolutionNode = FALSE
	EndGlobalSection
	GlobalSection(ExtensibilityGlobals) = postSolution
		SolutionGuid = {9313A2E5-7AD5-439B-A06F-BA7BBE14F638}
	EndGlobalSection
EndGlobal
